
Microsoft Visual Studio Solution File, Format Version 12.00
# Visual Studio Version 17
VisualStudioVersion = 17.14.36623.8
MinimumVisualStudioVersion = 10.0.40219.1
Project("{FAE04EC0-301F-11D3-BF4B-00C04F79EFBC}") = "WebexSmsClient", "WebexSmsClient\WebexSmsClient.csproj", "{422A6522-4902-45B4-952F-A0D2B1DD7F2A}"
EndProject
Global
	GlobalSection(SolutionConfigurationPlatforms) = preSolution
		Debug|Any CPU = Debug|Any CPU
		Release|Any CPU = Release|Any CPU
	EndGlobalSection
	GlobalSection(ProjectConfigurationPlatforms) = postSolution
		{422A6522-4902-45B4-952F-A0D2B1DD7F2A}.Debug|Any CPU.ActiveCfg = Debug|Any CPU
		{422A6522-4902-45B4-952F-A0D2B1DD7F2A}.Debug|Any CPU.Build.0 = Debug|Any CPU
		{422A6522-4902-45B4-952F-A0D2B1DD7F2A}.Release|Any CPU.ActiveCfg = Release|Any CPU
		{422A6522-4902-45B4-952F-A0D2B1DD7F2A}.Release|Any CPU.Build.0 = Release|Any CPU
	EndGlobalSection
	GlobalSection(SolutionProperties) = preSolution
		HideSolutionNode = FALSE
	EndGlobalSection
	GlobalSection(ExtensibilityGlobals) = postSolution
		SolutionGuid = {12E6ADFC-5252-4F43-9330-0FAA0FDF25E7}
	EndGlobalSection
EndGlobal
